// !$*UTF8*$!
{
	archiveVersion = 1;
	classes = {
	};
	objectVersion = 50;
	objects = {

/* Begin PBXBuildFile section */
		260DD26F26A8F4C600D070CA /* AppDelegate.swift in Sources */ = {isa = PBXBuildFile; fileRef = 260DD26E26A8F4C600D070CA /* AppDelegate.swift */; };
		260DD27126A8F4C600D070CA /* ViewController.swift in Sources */ = {isa = PBXBuildFile; fileRef = 260DD27026A8F4C600D070CA /* ViewController.swift */; };
		260DD27426A8F4C600D070CA /* MacOSCatnetClient.xcdatamodeld in Sources */ = {isa = PBXBuildFile; fileRef = 260DD27226A8F4C600D070CA /* MacOSCatnetClient.xcdatamodeld */; };
		260DD27626A8F4C600D070CA /* Assets.xcassets in Resources */ = {isa = PBXBuildFile; fileRef = 260DD27526A8F4C600D070CA /* Assets.xcassets */; };
		260DD27926A8F4C600D070CA /* Main.storyboard in Resources */ = {isa = PBXBuildFile; fileRef = 260DD27726A8F4C600D070CA /* Main.storyboard */; };
/* End PBXBuildFile section */

/* Begin PBXFileReference section */
		260DD26B26A8F4C600D070CA /* MacOSCatnetClient.app */ = {isa = PBXFileReference; explicitFileType = wrapper.application; includeInIndex = 0; path = MacOSCatnetClient.app; sourceTree = BUILT_PRODUCTS_DIR; };
		260DD26E26A8F4C600D070CA /* AppDelegate.swift */ = {isa = PBXFileReference; lastKnownFileType = sourcecode.swift; path = AppDelegate.swift; sourceTree = "<group>"; };
		260DD27026A8F4C600D070CA /* ViewController.swift */ = {isa = PBXFileReference; lastKnownFileType = sourcecode.swift; path = ViewController.swift; sourceTree = "<group>"; };
		260DD27326A8F4C600D070CA /* MacOSCatnetClient.xcdatamodel */ = {isa = PBXFileReference; lastKnownFileType = wrapper.xcdatamodel; path = MacOSCatnetClient.xcdatamodel; sourceTree = "<group>"; };
		260DD27526A8F4C600D070CA /* Assets.xcassets */ = {isa = PBXFileReference; lastKnownFileType = folder.assetcatalog; path = Assets.xcassets; sourceTree = "<group>"; };
		260DD27826A8F4C600D070CA /* Base */ = {isa = PBXFileReference; lastKnownFileType = file.storyboard; name = Base; path = Base.lproj/Main.storyboard; sourceTree = "<group>"; };
		260DD27A26A8F4C600D070CA /* Info.plist */ = {isa = PBXFileReference; lastKnownFileType = text.plist.xml; path = Info.plist; sourceTree = "<group>"; };
		260DD27B26A8F4C600D070CA /* MacOSCatnetClient.entitlements */ = {isa = PBXFileReference; lastKnownFileType = text.plist.entitlements; path = MacOSCatnetClient.entitlements; sourceTree = "<group>"; };
/* End PBXFileReference section */

/* Begin PBXFrameworksBuildPhase section */
		260DD26826A8F4C600D070CA /* Frameworks */ = {
			isa = PBXFrameworksBuildPhase;
			buildActionMask = 2147483647;
			files = (
			);
			runOnlyForDeploymentPostprocessing = 0;
		};
/* End PBXFrameworksBuildPhase section */

/* Begin PBXGroup section */
		260DD26226A8F4C600D070CA = {
			isa = PBXGroup;
			children = (
				260DD26D26A8F4C600D070CA /* MacOSCatnetClient */,
				260DD26C26A8F4C600D070CA /* Products */,
			);
			sourceTree = "<group>";
		};
		260DD26C26A8F4C600D070CA /* Products */ = {
			isa = PBXGroup;
			children = (
				260DD26B26A8F4C600D070CA /* MacOSCatnetClient.app */,
			);
			name = Products;
			sourceTree = "<group>";
		};
		260DD26D26A8F4C600D070CA /* MacOSCatnetClient */ = {
			isa = PBXGroup;
			children = (
				260DD26E26A8F4C600D070CA /* AppDelegate.swift */,
				260DD27026A8F4C600D070CA /* ViewController.swift */,
				260DD27526A8F4C600D070CA /* Assets.xcassets */,
				260DD27726A8F4C600D070CA /* Main.storyboard */,
				260DD27A26A8F4C600D070CA /* Info.plist */,
				260DD27B26A8F4C600D070CA /* MacOSCatnetClient.entitlements */,
				260DD27226A8F4C600D070CA /* MacOSCatnetClient.xcdatamodeld */,
			);
			path = MacOSCatnetClient;
			sourceTree = "<group>";
		};
/* End PBXGroup section */

/* Begin PBXNativeTarget section */
		260DD26A26A8F4C600D070CA /* MacOSCatnetClient */ = {
			isa = PBXNativeTarget;
			buildConfigurationList = 260DD27E26A8F4C600D070CA /* Build configuration list for PBXNativeTarget "MacOSCatnetClient" */;
			buildPhases = (
				260DD26726A8F4C600D070CA /* Sources */,
				260DD26826A8F4C600D070CA /* Frameworks */,
				260DD26926A8F4C600D070CA /* Resources */,
			);
			buildRules = (
			);
			dependencies = (
			);
			name = MacOSCatnetClient;
			productName = MacOSCatnetClient;
			productReference = 260DD26B26A8F4C600D070CA /* MacOSCatnetClient.app */;
			productType = "com.apple.product-type.application";
		};
/* End PBXNativeTarget section */

/* Begin PBXProject section */
		260DD26326A8F4C600D070CA /* Project object */ = {
			isa = PBXProject;
			attributes = {
				LastSwiftUpdateCheck = 1250;
				LastUpgradeCheck = 1250;
				TargetAttributes = {
					260DD26A26A8F4C600D070CA = {
						CreatedOnToolsVersion = 12.5.1;
					};
				};
			};
			buildConfigurationList = 260DD26626A8F4C600D070CA /* Build configuration list for PBXProject "MacOSCatnetClient" */;
			compatibilityVersion = "Xcode 9.3";
			developmentRegion = en;
			hasScannedForEncodings = 0;
			knownRegions = (
				en,
				Base,
			);
			mainGroup = 260DD26226A8F4C600D070CA;
			productRefGroup = 260DD26C26A8F4C600D070CA /* Products */;
			projectDirPath = "";
			projectRoot = "";
			targets = (
				260DD26A26A8F4C600D070CA /* MacOSCatnetClient */,
			);
		};
/* End PBXProject section */

/* Begin PBXResourcesBuildPhase section */
		260DD26926A8F4C600D070CA /* Resources */ = {
			isa = PBXResourcesBuildPhase;
			buildActionMask = 2147483647;
			files = (
				260DD27626A8F4C600D070CA /* Assets.xcassets in Resources */,
				260DD27926A8F4C600D070CA /* Main.storyboard in Resources */,
			);
			runOnlyForDeploymentPostprocessing = 0;
		};
/* End PBXResourcesBuildPhase section */

/* Begin PBXSourcesBuildPhase section */
		260DD26726A8F4C600D070CA /* Sources */ = {
			isa = PBXSourcesBuildPhase;
			buildActionMask = 2147483647;
			files = (
				260DD27126A8F4C600D070CA /* ViewController.swift in Sources */,
				260DD26F26A8F4C600D070CA /* AppDelegate.swift in Sources */,
				260DD27426A8F4C600D070CA /* MacOSCatnetClient.xcdatamodeld in Sources */,
			);
			runOnlyForDeploymentPostprocessing = 0;
		};
/* End PBXSourcesBuildPhase section */

/* Begin PBXVariantGroup section */
		260DD27726A8F4C600D070CA /* Main.storyboard */ = {
			isa = PBXVariantGroup;
			children = (
				260DD27826A8F4C600D070CA /* Base */,
			);
			name = Main.storyboard;
			sourceTree = "<group>";
		};
/* End PBXVariantGroup section */

/* Begin XCBuildConfiguration section */
		260DD27C26A8F4C600D070CA /* Debug */ = {
			isa = XCBuildConfiguration;
			buildSettings = {
				ALWAYS_SEARCH_USER_PATHS = NO;
				CLANG_ANALYZER_NONNULL = YES;
				CLANG_ANALYZER_NUMBER_OBJECT_CONVERSION = YES_AGGRESSIVE;
				CLANG_CXX_LANGUAGE_STANDARD = "gnu++14";
				CLANG_CXX_LIBRARY = "libc++";
				CLANG_ENABLE_MODULES = YES;
				CLANG_ENABLE_OBJC_ARC = YES;
				CLANG_ENABLE_OBJC_WEAK = YES;
				CLANG_WARN_BLOCK_CAPTURE_AUTORELEASING = YES;
				CLANG_WARN_BOOL_CONVERSION = YES;
				CLANG_WARN_COMMA = YES;
				CLANG_WARN_CONSTANT_CONVERSION = YES;
				CLANG_WARN_DEPRECATED_OBJC_IMPLEMENTATIONS = YES;
				CLANG_WARN_DIRECT_OBJC_ISA_USAGE = YES_ERROR;
				CLANG_WARN_DOCUMENTATION_COMMENTS = YES;
				CLANG_WARN_EMPTY_BODY = YES;
				CLANG_WARN_ENUM_CONVERSION = YES;
				CLANG_WARN_INFINITE_RECURSION = YES;
				CLANG_WARN_INT_CONVERSION = YES;
				CLANG_WARN_NON_LITERAL_NULL_CONVERSION = YES;
				CLANG_WARN_OBJC_IMPLICIT_RETAIN_SELF = YES;
				CLANG_WARN_OBJC_LITERAL_CONVERSION = YES;
				CLANG_WARN_OBJC_ROOT_CLASS = YES_ERROR;
				CLANG_WARN_QUOTED_INCLUDE_IN_FRAMEWORK_HEADER = YES;
				CLANG_WARN_RANGE_LOOP_ANALYSIS = YES;
				CLANG_WARN_STRICT_PROTOTYPES = YES;
				CLANG_WARN_SUSPICIOUS_MOVE = YES;
				CLANG_WARN_UNGUARDED_AVAILABILITY = YES_AGGRESSIVE;
				CLANG_WARN_UNREACHABLE_CODE = YES;
				CLANG_WARN__DUPLICATE_METHOD_MATCH = YES;
				COPY_PHASE_STRIP = NO;
				DEBUG_INFORMATION_FORMAT = dwarf;
				ENABLE_STRICT_OBJC_MSGSEND = YES;
				ENABLE_TESTABILITY = YES;
				GCC_C_LANGUAGE_STANDARD = gnu11;
				GCC_DYNAMIC_NO_PIC = NO;
				GCC_NO_COMMON_BLOCKS = YES;
				GCC_OPTIMIZATION_LEVEL = 0;
				GCC_PREPROCESSOR_DEFINITIONS = (
					"DEBUG=1",
					"$(inherited)",
				);
				GCC_WARN_64_TO_32_BIT_CONVERSION = YES;
				GCC_WARN_ABOUT_RETURN_TYPE = YES_ERROR;
				GCC_WARN_UNDECLARED_SELECTOR = YES;
				GCC_WARN_UNINITIALIZED_AUTOS = YES_AGGRESSIVE;
				GCC_WARN_UNUSED_FUNCTION = YES;
				GCC_WARN_UNUSED_VARIABLE = YES;
				MACOSX_DEPLOYMENT_TARGET = 11.3;
				MTL_ENABLE_DEBUG_INFO = INCLUDE_SOURCE;
				MTL_FAST_MATH = YES;
				ONLY_ACTIVE_ARCH = YES;
				SDKROOT = macosx;
				SWIFT_ACTIVE_COMPILATION_CONDITIONS = DEBUG;
				SWIFT_OPTIMIZATION_LEVEL = "-Onone";
			};
			name = Debug;
		};
		260DD27D26A8F4C600D070CA /* Release */ = {
			isa = XCBuildConfiguration;
			buildSettings = {
				ALWAYS_SEARCH_USER_PATHS = NO;
				CLANG_ANALYZER_NONNULL = YES;
				CLANG_ANALYZER_NUMBER_OBJECT_CONVERSION = YES_AGGRESSIVE;
				CLANG_CXX_LANGUAGE_STANDARD = "gnu++14";
				CLANG_CXX_LIBRARY = "libc++";
				CLANG_ENABLE_MODULES = YES;
				CLANG_ENABLE_OBJC_ARC = YES;
				CLANG_ENABLE_OBJC_WEAK = YES;
				CLANG_WARN_BLOCK_CAPTURE_AUTORELEASING = YES;
				CLANG_WARN_BOOL_CONVERSION = YES;
				CLANG_WARN_COMMA = YES;
				CLANG_WARN_CONSTANT_CONVERSION = YES;
				CLANG_WARN_DEPRECATED_OBJC_IMPLEMENTATIONS = YES;
				CLANG_WARN_DIRECT_OBJC_ISA_USAGE = YES_ERROR;
				CLANG_WARN_DOCUMENTATION_COMMENTS = YES;
				CLANG_WARN_EMPTY_BODY = YES;
				CLANG_WARN_ENUM_CONVERSION = YES;
				CLANG_WARN_INFINITE_RECURSION = YES;
				CLANG_WARN_INT_CONVERSION = YES;
				CLANG_WARN_NON_LITERAL_NULL_CONVERSION = YES;
				CLANG_WARN_OBJC_IMPLICIT_RETAIN_SELF = YES;
				CLANG_WARN_OBJC_LITERAL_CONVERSION = YES;
				CLANG_WARN_OBJC_ROOT_CLASS = YES_ERROR;
				CLANG_WARN_QUOTED_INCLUDE_IN_FRAMEWORK_HEADER = YES;
				CLANG_WARN_RANGE_LOOP_ANALYSIS = YES;
				CLANG_WARN_STRICT_PROTOTYPES = YES;
				CLANG_WARN_SUSPICIOUS_MOVE = YES;
				CLANG_WARN_UNGUARDED_AVAILABILITY = YES_AGGRESSIVE;
				CLANG_WARN_UNREACHABLE_CODE = YES;
				CLANG_WARN__DUPLICATE_METHOD_MATCH = YES;
				COPY_PHASE_STRIP = NO;
				DEBUG_INFORMATION_FORMAT = "dwarf-with-dsym";
				ENABLE_NS_ASSERTIONS = NO;
				ENABLE_STRICT_OBJC_MSGSEND = YES;
				GCC_C_LANGUAGE_STANDARD = gnu11;
				GCC_NO_COMMON_BLOCKS = YES;
				GCC_WARN_64_TO_32_BIT_CONVERSION = YES;
				GCC_WARN_ABOUT_RETURN_TYPE = YES_ERROR;
				GCC_WARN_UNDECLARED_SELECTOR = YES;
				GCC_WARN_UNINITIALIZED_AUTOS = YES_AGGRESSIVE;
				GCC_WARN_UNUSED_FUNCTION = YES;
				GCC_WARN_UNUSED_VARIABLE = YES;
				MACOSX_DEPLOYMENT_TARGET = 11.3;
				MTL_ENABLE_DEBUG_INFO = NO;
				MTL_FAST_MATH = YES;
				SDKROOT = macosx;
				SWIFT_COMPILATION_MODE = wholemodule;
				SWIFT_OPTIMIZATION_LEVEL = "-O";
			};
			name = Release;
		};
		260DD27F26A8F4C600D070CA /* Debug */ = {
			isa = XCBuildConfiguration;
			buildSettings = {
				ASSETCATALOG_COMPILER_APPICON_NAME = AppIcon;
				ASSETCATALOG_COMPILER_GLOBAL_ACCENT_COLOR_NAME = AccentColor;
				CODE_SIGN_ENTITLEMENTS = MacOSCatnetClient/MacOSCatnetClient.entitlements;
				CODE_SIGN_STYLE = Automatic;
				COMBINE_HIDPI_IMAGES = YES;
				INFOPLIST_FILE = MacOSCatnetClient/Info.plist;
				LD_RUNPATH_SEARCH_PATHS = (
					"$(inherited)",
					"@executable_path/../Frameworks",
				);
				PRODUCT_BUNDLE_IDENTIFIER = zincsoft.catnet.MacOSCatnetClient;
				PRODUCT_NAME = "$(TARGET_NAME)";
				SWIFT_VERSION = 5.0;
			};
			name = Debug;
		};
		260DD28026A8F4C600D070CA /* Release */ = {
			isa = XCBuildConfiguration;
			buildSettings = {
				ASSETCATALOG_COMPILER_APPICON_NAME = AppIcon;
				ASSETCATALOG_COMPILER_GLOBAL_ACCENT_COLOR_NAME = AccentColor;
				CODE_SIGN_ENTITLEMENTS = MacOSCatnetClient/MacOSCatnetClient.entitlements;
				CODE_SIGN_STYLE = Automatic;
				COMBINE_HIDPI_IMAGES = YES;
				INFOPLIST_FILE = MacOSCatnetClient/Info.plist;
				LD_RUNPATH_SEARCH_PATHS = (
					"$(inherited)",
					"@executable_path/../Frameworks",
				);
				PRODUCT_BUNDLE_IDENTIFIER = zincsoft.catnet.MacOSCatnetClient;
				PRODUCT_NAME = "$(TARGET_NAME)";
				SWIFT_VERSION = 5.0;
			};
			name = Release;
		};
/* End XCBuildConfiguration section */

/* Begin XCConfigurationList section */
		260DD26626A8F4C600D070CA /* Build configuration list for PBXProject "MacOSCatnetClient" */ = {
			isa = XCConfigurationList;
			buildConfigurations = (
				260DD27C26A8F4C600D070CA /* Debug */,
				260DD27D26A8F4C600D070CA /* Release */,
			);
			defaultConfigurationIsVisible = 0;
			defaultConfigurationName = Release;
		};
		260DD27E26A8F4C600D070CA /* Build configuration list for PBXNativeTarget "MacOSCatnetClient" */ = {
			isa = XCConfigurationList;
			buildConfigurations = (
				260DD27F26A8F4C600D070CA /* Debug */,
				260DD28026A8F4C600D070CA /* Release */,
			);
			defaultConfigurationIsVisible = 0;
			defaultConfigurationName = Release;
		};
/* End XCConfigurationList section */

/* Begin XCVersionGroup section */
		260DD27226A8F4C600D070CA /* MacOSCatnetClient.xcdatamodeld */ = {
			isa = XCVersionGroup;
			children = (
				260DD27326A8F4C600D070CA /* MacOSCatnetClient.xcdatamodel */,
			);
			currentVersion = 260DD27326A8F4C600D070CA /* MacOSCatnetClient.xcdatamodel */;
			path = MacOSCatnetClient.xcdatamodeld;
			sourceTree = "<group>";
			versionGroupType = wrapper.xcdatamodel;
		};
/* End XCVersionGroup section */
	};
	rootObject = 260DD26326A8F4C600D070CA /* Project object */;
}
